
Microsoft Visual Studio Solution File, Format Version 12.00
Project("{FAE04EC0-301F-11D3-BF4B-00C04F79EFBC}") = "Deliria.Cryptography.PasswordHashing", "srcs\Deliria.Cryptography.PasswordHashing\Deliria.Cryptography.PasswordHashing.csproj", "{C2BCFFA7-6E9D-40C5-BD84-EC64E9D88CF6}"
EndProject
Project("{FAE04EC0-301F-11D3-BF4B-00C04F79EFBC}") = "Deliria.Cryptography.PasswordHashing.UnitTest", "srcs\Deliria.Cryptography.PasswordHashing.UnitTest\Deliria.Cryptography.PasswordHashing.UnitTest.csproj", "{3A02B9D9-D205-4D12-97EA-2DC5E1066F6D}"
EndProject
Project("{FAE04EC0-301F-11D3-BF4B-00C04F79EFBC}") = "Deliria.Cryptography.PasswordHashing.Konscious", "srcs\Deliria.Cryptography.PasswordHashing.Konscious\Deliria.Cryptography.PasswordHashing.Konscious.csproj", "{17E50443-3B82-4B7A-97F4-089FAF35FF75}"
EndProject
Global
	GlobalSection(SolutionConfigurationPlatforms) = preSolution
		Debug|Any CPU = Debug|Any CPU
		Release|Any CPU = Release|Any CPU
	EndGlobalSection
	GlobalSection(ProjectConfigurationPlatforms) = postSolution
		{C2BCFFA7-6E9D-40C5-BD84-EC64E9D88CF6}.Debug|Any CPU.ActiveCfg = Debug|Any CPU
		{C2BCFFA7-6E9D-40C5-BD84-EC64E9D88CF6}.Debug|Any CPU.Build.0 = Debug|Any CPU
		{C2BCFFA7-6E9D-40C5-BD84-EC64E9D88CF6}.Release|Any CPU.ActiveCfg = Release|Any CPU
		{C2BCFFA7-6E9D-40C5-BD84-EC64E9D88CF6}.Release|Any CPU.Build.0 = Release|Any CPU
		{3A02B9D9-D205-4D12-97EA-2DC5E1066F6D}.Debug|Any CPU.ActiveCfg = Debug|Any CPU
		{3A02B9D9-D205-4D12-97EA-2DC5E1066F6D}.Debug|Any CPU.Build.0 = Debug|Any CPU
		{3A02B9D9-D205-4D12-97EA-2DC5E1066F6D}.Release|Any CPU.ActiveCfg = Release|Any CPU
		{3A02B9D9-D205-4D12-97EA-2DC5E1066F6D}.Release|Any CPU.Build.0 = Release|Any CPU
		{17E50443-3B82-4B7A-97F4-089FAF35FF75}.Debug|Any CPU.ActiveCfg = Debug|Any CPU
		{17E50443-3B82-4B7A-97F4-089FAF35FF75}.Debug|Any CPU.Build.0 = Debug|Any CPU
		{17E50443-3B82-4B7A-97F4-089FAF35FF75}.Release|Any CPU.ActiveCfg = Release|Any CPU
		{17E50443-3B82-4B7A-97F4-089FAF35FF75}.Release|Any CPU.Build.0 = Release|Any CPU
	EndGlobalSection
EndGlobal
